// !$*UTF8*$!
{
	archiveVersion = 1;
	classes = {
	};
	objectVersion = 56;
	objects = {

/* Begin PBXBuildFile section */
		300DFFEF2C1A53DA00B8946E /* HealthKitSampleApp.swift in Sources */ = {isa = PBXBuildFile; fileRef = 300DFFEE2C1A53DA00B8946E /* HealthKitSampleApp.swift */; };
		300DFFF12C1A53DA00B8946E /* DashboardView.swift in Sources */ = {isa = PBXBuildFile; fileRef = 300DFFF02C1A53DA00B8946E /* DashboardView.swift */; };
		300DFFF32C1A53DC00B8946E /* Assets.xcassets in Resources */ = {isa = PBXBuildFile; fileRef = 300DFFF22C1A53DC00B8946E /* Assets.xcassets */; };
		300DFFF62C1A53DC00B8946E /* Preview Assets.xcassets in Resources */ = {isa = PBXBuildFile; fileRef = 300DFFF52C1A53DC00B8946E /* Preview Assets.xcassets */; };
		3015D80D2C23AD4500C364D5 /* WeightLineChart.swift in Sources */ = {isa = PBXBuildFile; fileRef = 3015D80C2C23AD4500C364D5 /* WeightLineChart.swift */; };
		3015D8102C23B05C00C364D5 /* MockData.swift in Sources */ = {isa = PBXBuildFile; fileRef = 3015D80F2C23B05C00C364D5 /* MockData.swift */; };
		3015D8122C24EF9D00C364D5 /* WeightDiffBarChart.swift in Sources */ = {isa = PBXBuildFile; fileRef = 3015D8112C24EF9D00C364D5 /* WeightDiffBarChart.swift */; };
		302B7DC02C3C89C40057F9B6 /* ChartContainer.swift in Sources */ = {isa = PBXBuildFile; fileRef = 302B7DBF2C3C89C40057F9B6 /* ChartContainer.swift */; };
		3052BE8B2C487AB600ED93ED /* STError.swift in Sources */ = {isa = PBXBuildFile; fileRef = 3052BE8A2C487AB600ED93ED /* STError.swift */; };
		305D5A952C4092F400DAC0BE /* ChartHelper.swift in Sources */ = {isa = PBXBuildFile; fileRef = 305D5A942C4092F400DAC0BE /* ChartHelper.swift */; };
		305D5A972C4095F800DAC0BE /* ChartAnnotationView.swift in Sources */ = {isa = PBXBuildFile; fileRef = 305D5A962C4095F800DAC0BE /* ChartAnnotationView.swift */; };
		307D81E62C20C25700B81607 /* HealthKitPermissionPrimingView.swift in Sources */ = {isa = PBXBuildFile; fileRef = 307D81E52C20C25700B81607 /* HealthKitPermissionPrimingView.swift */; };
		307D81E92C20C8F900B81607 /* HealthKitManager.swift in Sources */ = {isa = PBXBuildFile; fileRef = 307D81E82C20C8F900B81607 /* HealthKitManager.swift */; };
		307D81EB2C2208AA00B81607 /* HealthMetric.swift in Sources */ = {isa = PBXBuildFile; fileRef = 307D81EA2C2208AA00B81607 /* HealthMetric.swift */; };
		307D81ED2C221C9B00B81607 /* StepBarChart.swift in Sources */ = {isa = PBXBuildFile; fileRef = 307D81EC2C221C9B00B81607 /* StepBarChart.swift */; };
		307D81F32C223AEB00B81607 /* ChartMath.swift in Sources */ = {isa = PBXBuildFile; fileRef = 307D81F22C223AEB00B81607 /* ChartMath.swift */; };
		307D81F52C223B0800B81607 /* ChartDataTypes.swift in Sources */ = {isa = PBXBuildFile; fileRef = 307D81F42C223B0800B81607 /* ChartDataTypes.swift */; };
		307D81F82C223B8300B81607 /* DateExtension.swift in Sources */ = {isa = PBXBuildFile; fileRef = 307D81F72C223B8300B81607 /* DateExtension.swift */; };
		307D81FB2C223D0300B81607 /* Algorithms in Frameworks */ = {isa = PBXBuildFile; productRef = 307D81FA2C223D0300B81607 /* Algorithms */; };
		307D81FD2C223F5E00B81607 /* StepPieChart.swift in Sources */ = {isa = PBXBuildFile; fileRef = 307D81FC2C223F5E00B81607 /* StepPieChart.swift */; };
		309854162C1CECA60009E31D /* HealthDataListView.swift in Sources */ = {isa = PBXBuildFile; fileRef = 309854152C1CECA60009E31D /* HealthDataListView.swift */; };
		30D7D32F2C39DA1D002D111B /* ChartEmptyView.swift in Sources */ = {isa = PBXBuildFile; fileRef = 30D7D32E2C39DA1D002D111B /* ChartEmptyView.swift */; };
/* End PBXBuildFile section */

/* Begin PBXFileReference section */
		300DFFEB2C1A53DA00B8946E /* HealthKitSample.app */ = {isa = PBXFileReference; explicitFileType = wrapper.application; includeInIndex = 0; path = HealthKitSample.app; sourceTree = BUILT_PRODUCTS_DIR; };
		300DFFEE2C1A53DA00B8946E /* HealthKitSampleApp.swift */ = {isa = PBXFileReference; lastKnownFileType = sourcecode.swift; path = HealthKitSampleApp.swift; sourceTree = "<group>"; };
		300DFFF02C1A53DA00B8946E /* DashboardView.swift */ = {isa = PBXFileReference; lastKnownFileType = sourcecode.swift; path = DashboardView.swift; sourceTree = "<group>"; };
		300DFFF22C1A53DC00B8946E /* Assets.xcassets */ = {isa = PBXFileReference; lastKnownFileType = folder.assetcatalog; path = Assets.xcassets; sourceTree = "<group>"; };
		300DFFF52C1A53DC00B8946E /* Preview Assets.xcassets */ = {isa = PBXFileReference; lastKnownFileType = folder.assetcatalog; path = "Preview Assets.xcassets"; sourceTree = "<group>"; };
		3015D80C2C23AD4500C364D5 /* WeightLineChart.swift */ = {isa = PBXFileReference; lastKnownFileType = sourcecode.swift; path = WeightLineChart.swift; sourceTree = "<group>"; };
		3015D80F2C23B05C00C364D5 /* MockData.swift */ = {isa = PBXFileReference; lastKnownFileType = sourcecode.swift; path = MockData.swift; sourceTree = "<group>"; };
		3015D8112C24EF9D00C364D5 /* WeightDiffBarChart.swift */ = {isa = PBXFileReference; lastKnownFileType = sourcecode.swift; path = WeightDiffBarChart.swift; sourceTree = "<group>"; };
		302B7DBF2C3C89C40057F9B6 /* ChartContainer.swift */ = {isa = PBXFileReference; lastKnownFileType = sourcecode.swift; path = ChartContainer.swift; sourceTree = "<group>"; };
		3052BE8A2C487AB600ED93ED /* STError.swift */ = {isa = PBXFileReference; lastKnownFileType = sourcecode.swift; path = STError.swift; sourceTree = "<group>"; };
		305D5A942C4092F400DAC0BE /* ChartHelper.swift */ = {isa = PBXFileReference; lastKnownFileType = sourcecode.swift; path = ChartHelper.swift; sourceTree = "<group>"; };
		305D5A962C4095F800DAC0BE /* ChartAnnotationView.swift */ = {isa = PBXFileReference; lastKnownFileType = sourcecode.swift; path = ChartAnnotationView.swift; sourceTree = "<group>"; };
		307D81E52C20C25700B81607 /* HealthKitPermissionPrimingView.swift */ = {isa = PBXFileReference; lastKnownFileType = sourcecode.swift; path = HealthKitPermissionPrimingView.swift; sourceTree = "<group>"; };
		307D81E72C20C79700B81607 /* HealthKitSample.entitlements */ = {isa = PBXFileReference; lastKnownFileType = text.plist.entitlements; path = HealthKitSample.entitlements; sourceTree = "<group>"; };
		307D81E82C20C8F900B81607 /* HealthKitManager.swift */ = {isa = PBXFileReference; lastKnownFileType = sourcecode.swift; path = HealthKitManager.swift; sourceTree = "<group>"; };
		307D81EA2C2208AA00B81607 /* HealthMetric.swift */ = {isa = PBXFileReference; lastKnownFileType = sourcecode.swift; path = HealthMetric.swift; sourceTree = "<group>"; };
		307D81EC2C221C9B00B81607 /* StepBarChart.swift */ = {isa = PBXFileReference; lastKnownFileType = sourcecode.swift; path = StepBarChart.swift; sourceTree = "<group>"; };
		307D81F22C223AEB00B81607 /* ChartMath.swift */ = {isa = PBXFileReference; lastKnownFileType = sourcecode.swift; path = ChartMath.swift; sourceTree = "<group>"; };
		307D81F42C223B0800B81607 /* ChartDataTypes.swift */ = {isa = PBXFileReference; lastKnownFileType = sourcecode.swift; path = ChartDataTypes.swift; sourceTree = "<group>"; };
		307D81F72C223B8300B81607 /* DateExtension.swift */ = {isa = PBXFileReference; lastKnownFileType = sourcecode.swift; path = DateExtension.swift; sourceTree = "<group>"; };
		307D81FC2C223F5E00B81607 /* StepPieChart.swift */ = {isa = PBXFileReference; lastKnownFileType = sourcecode.swift; path = StepPieChart.swift; sourceTree = "<group>"; };
		309854152C1CECA60009E31D /* HealthDataListView.swift */ = {isa = PBXFileReference; lastKnownFileType = sourcecode.swift; path = HealthDataListView.swift; sourceTree = "<group>"; };
		30D7D32E2C39DA1D002D111B /* ChartEmptyView.swift */ = {isa = PBXFileReference; lastKnownFileType = sourcecode.swift; path = ChartEmptyView.swift; sourceTree = "<group>"; };
/* End PBXFileReference section */

/* Begin PBXFrameworksBuildPhase section */
		300DFFE82C1A53DA00B8946E /* Frameworks */ = {
			isa = PBXFrameworksBuildPhase;
			buildActionMask = 2147483647;
			files = (
				307D81FB2C223D0300B81607 /* Algorithms in Frameworks */,
			);
			runOnlyForDeploymentPostprocessing = 0;
		};
/* End PBXFrameworksBuildPhase section */

/* Begin PBXGroup section */
		300DFFE22C1A53DA00B8946E = {
			isa = PBXGroup;
			children = (
				300DFFED2C1A53DA00B8946E /* HealthKitSample */,
				300DFFEC2C1A53DA00B8946E /* Products */,
			);
			sourceTree = "<group>";
		};
		300DFFEC2C1A53DA00B8946E /* Products */ = {
			isa = PBXGroup;
			children = (
				300DFFEB2C1A53DA00B8946E /* HealthKitSample.app */,
			);
			name = Products;
			sourceTree = "<group>";
		};
		300DFFED2C1A53DA00B8946E /* HealthKitSample */ = {
			isa = PBXGroup;
			children = (
				3015D80E2C23B04100C364D5 /* Utilities */,
				307D81E72C20C79700B81607 /* HealthKitSample.entitlements */,
				300DFFEE2C1A53DA00B8946E /* HealthKitSampleApp.swift */,
				307D81F62C223B7000B81607 /* Extensions */,
				307D81F12C221F5100B81607 /* Managers */,
				307D81F02C221F4A00B81607 /* Model */,
				307D81EF2C221F2A00B81607 /* Charts */,
				307D81EE2C221F1300B81607 /* Screens */,
				300DFFF22C1A53DC00B8946E /* Assets.xcassets */,
				300DFFF42C1A53DC00B8946E /* Preview Content */,
			);
			path = HealthKitSample;
			sourceTree = "<group>";
		};
		300DFFF42C1A53DC00B8946E /* Preview Content */ = {
			isa = PBXGroup;
			children = (
				300DFFF52C1A53DC00B8946E /* Preview Assets.xcassets */,
			);
			path = "Preview Content";
			sourceTree = "<group>";
		};
		3015D80E2C23B04100C364D5 /* Utilities */ = {
			isa = PBXGroup;
			children = (
				3015D80F2C23B05C00C364D5 /* MockData.swift */,
			);
			path = Utilities;
			sourceTree = "<group>";
		};
		307D81EE2C221F1300B81607 /* Screens */ = {
			isa = PBXGroup;
			children = (
				300DFFF02C1A53DA00B8946E /* DashboardView.swift */,
				309854152C1CECA60009E31D /* HealthDataListView.swift */,
				307D81E52C20C25700B81607 /* HealthKitPermissionPrimingView.swift */,
			);
			path = Screens;
			sourceTree = "<group>";
		};
		307D81EF2C221F2A00B81607 /* Charts */ = {
			isa = PBXGroup;
			children = (
				305D5A942C4092F400DAC0BE /* ChartHelper.swift */,
				307D81EC2C221C9B00B81607 /* StepBarChart.swift */,
				305D5A962C4095F800DAC0BE /* ChartAnnotationView.swift */,
				30D7D32E2C39DA1D002D111B /* ChartEmptyView.swift */,
				3015D8112C24EF9D00C364D5 /* WeightDiffBarChart.swift */,
				3015D80C2C23AD4500C364D5 /* WeightLineChart.swift */,
				307D81F22C223AEB00B81607 /* ChartMath.swift */,
				307D81F42C223B0800B81607 /* ChartDataTypes.swift */,
				307D81FC2C223F5E00B81607 /* StepPieChart.swift */,
				302B7DBF2C3C89C40057F9B6 /* ChartContainer.swift */,
			);
			path = Charts;
			sourceTree = "<group>";
		};
		307D81F02C221F4A00B81607 /* Model */ = {
			isa = PBXGroup;
			children = (
				307D81EA2C2208AA00B81607 /* HealthMetric.swift */,
			);
			path = Model;
			sourceTree = "<group>";
		};
		307D81F12C221F5100B81607 /* Managers */ = {
			isa = PBXGroup;
			children = (
				307D81E82C20C8F900B81607 /* HealthKitManager.swift */,
				3052BE8A2C487AB600ED93ED /* STError.swift */,
			);
			path = Managers;
			sourceTree = "<group>";
		};
		307D81F62C223B7000B81607 /* Extensions */ = {
			isa = PBXGroup;
			children = (
				307D81F72C223B8300B81607 /* DateExtension.swift */,
			);
			path = Extensions;
			sourceTree = "<group>";
		};
/* End PBXGroup section */

/* Begin PBXNativeTarget section */
		300DFFEA2C1A53DA00B8946E /* HealthKitSample */ = {
			isa = PBXNativeTarget;
			buildConfigurationList = 300DFFF92C1A53DC00B8946E /* Build configuration list for PBXNativeTarget "HealthKitSample" */;
			buildPhases = (
				300DFFE72C1A53DA00B8946E /* Sources */,
				300DFFE82C1A53DA00B8946E /* Frameworks */,
				300DFFE92C1A53DA00B8946E /* Resources */,
			);
			buildRules = (
			);
			dependencies = (
			);
			name = HealthKitSample;
			packageProductDependencies = (
				307D81FA2C223D0300B81607 /* Algorithms */,
			);
			productName = HealthKitSample;
			productReference = 300DFFEB2C1A53DA00B8946E /* HealthKitSample.app */;
			productType = "com.apple.product-type.application";
		};
/* End PBXNativeTarget section */

/* Begin PBXProject section */
		300DFFE32C1A53DA00B8946E /* Project object */ = {
			isa = PBXProject;
			attributes = {
				BuildIndependentTargetsInParallel = 1;
				LastSwiftUpdateCheck = 1540;
				LastUpgradeCheck = 1540;
				TargetAttributes = {
					300DFFEA2C1A53DA00B8946E = {
						CreatedOnToolsVersion = 15.4;
					};
				};
			};
			buildConfigurationList = 300DFFE62C1A53DA00B8946E /* Build configuration list for PBXProject "HealthKitSample" */;
			compatibilityVersion = "Xcode 14.0";
			developmentRegion = en;
			hasScannedForEncodings = 0;
			knownRegions = (
				en,
				Base,
			);
			mainGroup = 300DFFE22C1A53DA00B8946E;
			packageReferences = (
				307D81F92C223D0300B81607 /* XCRemoteSwiftPackageReference "swift-algorithms" */,
			);
			productRefGroup = 300DFFEC2C1A53DA00B8946E /* Products */;
			projectDirPath = "";
			projectRoot = "";
			targets = (
				300DFFEA2C1A53DA00B8946E /* HealthKitSample */,
			);
		};
/* End PBXProject section */

/* Begin PBXResourcesBuildPhase section */
		300DFFE92C1A53DA00B8946E /* Resources */ = {
			isa = PBXResourcesBuildPhase;
			buildActionMask = 2147483647;
			files = (
				300DFFF62C1A53DC00B8946E /* Preview Assets.xcassets in Resources */,
				300DFFF32C1A53DC00B8946E /* Assets.xcassets in Resources */,
			);
			runOnlyForDeploymentPostprocessing = 0;
		};
/* End PBXResourcesBuildPhase section */

/* Begin PBXSourcesBuildPhase section */
		300DFFE72C1A53DA00B8946E /* Sources */ = {
			isa = PBXSourcesBuildPhase;
			buildActionMask = 2147483647;
			files = (
				309854162C1CECA60009E31D /* HealthDataListView.swift in Sources */,
				307D81F82C223B8300B81607 /* DateExtension.swift in Sources */,
				3015D8122C24EF9D00C364D5 /* WeightDiffBarChart.swift in Sources */,
				300DFFF12C1A53DA00B8946E /* DashboardView.swift in Sources */,
				305D5A972C4095F800DAC0BE /* ChartAnnotationView.swift in Sources */,
				302B7DC02C3C89C40057F9B6 /* ChartContainer.swift in Sources */,
				3015D8102C23B05C00C364D5 /* MockData.swift in Sources */,
				300DFFEF2C1A53DA00B8946E /* HealthKitSampleApp.swift in Sources */,
				307D81ED2C221C9B00B81607 /* StepBarChart.swift in Sources */,
				3052BE8B2C487AB600ED93ED /* STError.swift in Sources */,
				307D81E92C20C8F900B81607 /* HealthKitManager.swift in Sources */,
				305D5A952C4092F400DAC0BE /* ChartHelper.swift in Sources */,
				307D81E62C20C25700B81607 /* HealthKitPermissionPrimingView.swift in Sources */,
				307D81F32C223AEB00B81607 /* ChartMath.swift in Sources */,
				307D81EB2C2208AA00B81607 /* HealthMetric.swift in Sources */,
				307D81FD2C223F5E00B81607 /* StepPieChart.swift in Sources */,
				3015D80D2C23AD4500C364D5 /* WeightLineChart.swift in Sources */,
				307D81F52C223B0800B81607 /* ChartDataTypes.swift in Sources */,
				30D7D32F2C39DA1D002D111B /* ChartEmptyView.swift in Sources */,
			);
			runOnlyForDeploymentPostprocessing = 0;
		};
/* End PBXSourcesBuildPhase section */

/* Begin XCBuildConfiguration section */
		300DFFF72C1A53DC00B8946E /* Debug */ = {
			isa = XCBuildConfiguration;
			buildSettings = {
				ALWAYS_SEARCH_USER_PATHS = NO;
				ASSETCATALOG_COMPILER_GENERATE_SWIFT_ASSET_SYMBOL_EXTENSIONS = YES;
				CLANG_ANALYZER_NONNULL = YES;
				CLANG_ANALYZER_NUMBER_OBJECT_CONVERSION = YES_AGGRESSIVE;
				CLANG_CXX_LANGUAGE_STANDARD = "gnu++20";
				CLANG_ENABLE_MODULES = YES;
				CLANG_ENABLE_OBJC_ARC = YES;
				CLANG_ENABLE_OBJC_WEAK = YES;
				CLANG_WARN_BLOCK_CAPTURE_AUTORELEASING = YES;
				CLANG_WARN_BOOL_CONVERSION = YES;
				CLANG_WARN_COMMA = YES;
				CLANG_WARN_CONSTANT_CONVERSION = YES;
				CLANG_WARN_DEPRECATED_OBJC_IMPLEMENTATIONS = YES;
				CLANG_WARN_DIRECT_OBJC_ISA_USAGE = YES_ERROR;
				CLANG_WARN_DOCUMENTATION_COMMENTS = YES;
				CLANG_WARN_EMPTY_BODY = YES;
				CLANG_WARN_ENUM_CONVERSION = YES;
				CLANG_WARN_INFINITE_RECURSION = YES;
				CLANG_WARN_INT_CONVERSION = YES;
				CLANG_WARN_NON_LITERAL_NULL_CONVERSION = YES;
				CLANG_WARN_OBJC_IMPLICIT_RETAIN_SELF = YES;
				CLANG_WARN_OBJC_LITERAL_CONVERSION = YES;
				CLANG_WARN_OBJC_ROOT_CLASS = YES_ERROR;
				CLANG_WARN_QUOTED_INCLUDE_IN_FRAMEWORK_HEADER = YES;
				CLANG_WARN_RANGE_LOOP_ANALYSIS = YES;
				CLANG_WARN_STRICT_PROTOTYPES = YES;
				CLANG_WARN_SUSPICIOUS_MOVE = YES;
				CLANG_WARN_UNGUARDED_AVAILABILITY = YES_AGGRESSIVE;
				CLANG_WARN_UNREACHABLE_CODE = YES;
				CLANG_WARN__DUPLICATE_METHOD_MATCH = YES;
				COPY_PHASE_STRIP = NO;
				DEBUG_INFORMATION_FORMAT = dwarf;
				ENABLE_STRICT_OBJC_MSGSEND = YES;
				ENABLE_TESTABILITY = YES;
				ENABLE_USER_SCRIPT_SANDBOXING = YES;
				GCC_C_LANGUAGE_STANDARD = gnu17;
				GCC_DYNAMIC_NO_PIC = NO;
				GCC_NO_COMMON_BLOCKS = YES;
				GCC_OPTIMIZATION_LEVEL = 0;
				GCC_PREPROCESSOR_DEFINITIONS = (
					"DEBUG=1",
					"$(inherited)",
				);
				GCC_WARN_64_TO_32_BIT_CONVERSION = YES;
				GCC_WARN_ABOUT_RETURN_TYPE = YES_ERROR;
				GCC_WARN_UNDECLARED_SELECTOR = YES;
				GCC_WARN_UNINITIALIZED_AUTOS = YES_AGGRESSIVE;
				GCC_WARN_UNUSED_FUNCTION = YES;
				GCC_WARN_UNUSED_VARIABLE = YES;
				IPHONEOS_DEPLOYMENT_TARGET = 17.0;
				LOCALIZATION_PREFERS_STRING_CATALOGS = YES;
				MTL_ENABLE_DEBUG_INFO = INCLUDE_SOURCE;
				MTL_FAST_MATH = YES;
				ONLY_ACTIVE_ARCH = YES;
				SDKROOT = iphoneos;
				SWIFT_ACTIVE_COMPILATION_CONDITIONS = "DEBUG $(inherited)";
				SWIFT_OPTIMIZATION_LEVEL = "-Onone";
			};
			name = Debug;
		};
		300DFFF82C1A53DC00B8946E /* Release */ = {
			isa = XCBuildConfiguration;
			buildSettings = {
				ALWAYS_SEARCH_USER_PATHS = NO;
				ASSETCATALOG_COMPILER_GENERATE_SWIFT_ASSET_SYMBOL_EXTENSIONS = YES;
				CLANG_ANALYZER_NONNULL = YES;
				CLANG_ANALYZER_NUMBER_OBJECT_CONVERSION = YES_AGGRESSIVE;
				CLANG_CXX_LANGUAGE_STANDARD = "gnu++20";
				CLANG_ENABLE_MODULES = YES;
				CLANG_ENABLE_OBJC_ARC = YES;
				CLANG_ENABLE_OBJC_WEAK = YES;
				CLANG_WARN_BLOCK_CAPTURE_AUTORELEASING = YES;
				CLANG_WARN_BOOL_CONVERSION = YES;
				CLANG_WARN_COMMA = YES;
				CLANG_WARN_CONSTANT_CONVERSION = YES;
				CLANG_WARN_DEPRECATED_OBJC_IMPLEMENTATIONS = YES;
				CLANG_WARN_DIRECT_OBJC_ISA_USAGE = YES_ERROR;
				CLANG_WARN_DOCUMENTATION_COMMENTS = YES;
				CLANG_WARN_EMPTY_BODY = YES;
				CLANG_WARN_ENUM_CONVERSION = YES;
				CLANG_WARN_INFINITE_RECURSION = YES;
				CLANG_WARN_INT_CONVERSION = YES;
				CLANG_WARN_NON_LITERAL_NULL_CONVERSION = YES;
				CLANG_WARN_OBJC_IMPLICIT_RETAIN_SELF = YES;
				CLANG_WARN_OBJC_LITERAL_CONVERSION = YES;
				CLANG_WARN_OBJC_ROOT_CLASS = YES_ERROR;
				CLANG_WARN_QUOTED_INCLUDE_IN_FRAMEWORK_HEADER = YES;
				CLANG_WARN_RANGE_LOOP_ANALYSIS = YES;
				CLANG_WARN_STRICT_PROTOTYPES = YES;
				CLANG_WARN_SUSPICIOUS_MOVE = YES;
				CLANG_WARN_UNGUARDED_AVAILABILITY = YES_AGGRESSIVE;
				CLANG_WARN_UNREACHABLE_CODE = YES;
				CLANG_WARN__DUPLICATE_METHOD_MATCH = YES;
				COPY_PHASE_STRIP = NO;
				DEBUG_INFORMATION_FORMAT = "dwarf-with-dsym";
				ENABLE_NS_ASSERTIONS = NO;
				ENABLE_STRICT_OBJC_MSGSEND = YES;
				ENABLE_USER_SCRIPT_SANDBOXING = YES;
				GCC_C_LANGUAGE_STANDARD = gnu17;
				GCC_NO_COMMON_BLOCKS = YES;
				GCC_WARN_64_TO_32_BIT_CONVERSION = YES;
				GCC_WARN_ABOUT_RETURN_TYPE = YES_ERROR;
				GCC_WARN_UNDECLARED_SELECTOR = YES;
				GCC_WARN_UNINITIALIZED_AUTOS = YES_AGGRESSIVE;
				GCC_WARN_UNUSED_FUNCTION = YES;
				GCC_WARN_UNUSED_VARIABLE = YES;
				IPHONEOS_DEPLOYMENT_TARGET = 17.0;
				LOCALIZATION_PREFERS_STRING_CATALOGS = YES;
				MTL_ENABLE_DEBUG_INFO = NO;
				MTL_FAST_MATH = YES;
				SDKROOT = iphoneos;
				SWIFT_COMPILATION_MODE = wholemodule;
				VALIDATE_PRODUCT = YES;
			};
			name = Release;
		};
		300DFFFA2C1A53DC00B8946E /* Debug */ = {
			isa = XCBuildConfiguration;
			buildSettings = {
				ASSETCATALOG_COMPILER_APPICON_NAME = AppIcon;
				ASSETCATALOG_COMPILER_GLOBAL_ACCENT_COLOR_NAME = AccentColor;
				CODE_SIGN_ENTITLEMENTS = HealthKitSample/HealthKitSample.entitlements;
				CODE_SIGN_STYLE = Automatic;
				CURRENT_PROJECT_VERSION = 1;
				DEVELOPMENT_ASSET_PATHS = "\"HealthKitSample/Preview Content\"";
				DEVELOPMENT_TEAM = H9AZCNDQS4;
				ENABLE_PREVIEWS = YES;
				GENERATE_INFOPLIST_FILE = YES;
				INFOPLIST_KEY_NSHealthShareUsageDescription = "The app shows your step and weight data in an interactive chart.";
				INFOPLIST_KEY_NSHealthUpdateUsageDescription = "The app allows you to add step and weight data to Apple Health.";
				INFOPLIST_KEY_UIApplicationSceneManifest_Generation = YES;
				INFOPLIST_KEY_UIApplicationSupportsIndirectInputEvents = YES;
				INFOPLIST_KEY_UILaunchScreen_Generation = YES;
				INFOPLIST_KEY_UISupportedInterfaceOrientations_iPad = "UIInterfaceOrientationPortrait UIInterfaceOrientationPortraitUpsideDown UIInterfaceOrientationLandscapeLeft UIInterfaceOrientationLandscapeRight";
				INFOPLIST_KEY_UISupportedInterfaceOrientations_iPhone = "UIInterfaceOrientationPortrait UIInterfaceOrientationLandscapeLeft UIInterfaceOrientationLandscapeRight";
				LD_RUNPATH_SEARCH_PATHS = (
					"$(inherited)",
					"@executable_path/Frameworks",
				);
				MARKETING_VERSION = 1.0;
				PRODUCT_BUNDLE_IDENTIFIER = com.justinbengtson.HealthKitSample;
				PRODUCT_NAME = "$(TARGET_NAME)";
				SWIFT_EMIT_LOC_STRINGS = YES;
				SWIFT_VERSION = 5.0;
				TARGETED_DEVICE_FAMILY = "1,2";
			};
			name = Debug;
		};
		300DFFFB2C1A53DC00B8946E /* Release */ = {
			isa = XCBuildConfiguration;
			buildSettings = {
				ASSETCATALOG_COMPILER_APPICON_NAME = AppIcon;
				ASSETCATALOG_COMPILER_GLOBAL_ACCENT_COLOR_NAME = AccentColor;
				CODE_SIGN_ENTITLEMENTS = HealthKitSample/HealthKitSample.entitlements;
				CODE_SIGN_STYLE = Automatic;
				CURRENT_PROJECT_VERSION = 1;
				DEVELOPMENT_ASSET_PATHS = "\"HealthKitSample/Preview Content\"";
				DEVELOPMENT_TEAM = H9AZCNDQS4;
				ENABLE_PREVIEWS = YES;
				GENERATE_INFOPLIST_FILE = YES;
				INFOPLIST_KEY_NSHealthShareUsageDescription = "The app shows your step and weight data in an interactive chart.";
				INFOPLIST_KEY_NSHealthUpdateUsageDescription = "The app allows you to add step and weight data to Apple Health.";
				INFOPLIST_KEY_UIApplicationSceneManifest_Generation = YES;
				INFOPLIST_KEY_UIApplicationSupportsIndirectInputEvents = YES;
				INFOPLIST_KEY_UILaunchScreen_Generation = YES;
				INFOPLIST_KEY_UISupportedInterfaceOrientations_iPad = "UIInterfaceOrientationPortrait UIInterfaceOrientationPortraitUpsideDown UIInterfaceOrientationLandscapeLeft UIInterfaceOrientationLandscapeRight";
				INFOPLIST_KEY_UISupportedInterfaceOrientations_iPhone = "UIInterfaceOrientationPortrait UIInterfaceOrientationLandscapeLeft UIInterfaceOrientationLandscapeRight";
				LD_RUNPATH_SEARCH_PATHS = (
					"$(inherited)",
					"@executable_path/Frameworks",
				);
				MARKETING_VERSION = 1.0;
				PRODUCT_BUNDLE_IDENTIFIER = com.justinbengtson.HealthKitSample;
				PRODUCT_NAME = "$(TARGET_NAME)";
				SWIFT_EMIT_LOC_STRINGS = YES;
				SWIFT_VERSION = 5.0;
				TARGETED_DEVICE_FAMILY = "1,2";
			};
			name = Release;
		};
/* End XCBuildConfiguration section */

/* Begin XCConfigurationList section */
		300DFFE62C1A53DA00B8946E /* Build configuration list for PBXProject "HealthKitSample" */ = {
			isa = XCConfigurationList;
			buildConfigurations = (
				300DFFF72C1A53DC00B8946E /* Debug */,
				300DFFF82C1A53DC00B8946E /* Release */,
			);
			defaultConfigurationIsVisible = 0;
			defaultConfigurationName = Release;
		};
		300DFFF92C1A53DC00B8946E /* Build configuration list for PBXNativeTarget "HealthKitSample" */ = {
			isa = XCConfigurationList;
			buildConfigurations = (
				300DFFFA2C1A53DC00B8946E /* Debug */,
				300DFFFB2C1A53DC00B8946E /* Release */,
			);
			defaultConfigurationIsVisible = 0;
			defaultConfigurationName = Release;
		};
/* End XCConfigurationList section */

/* Begin XCRemoteSwiftPackageReference section */
		307D81F92C223D0300B81607 /* XCRemoteSwiftPackageReference "swift-algorithms" */ = {
			isa = XCRemoteSwiftPackageReference;
			repositoryURL = "https://github.com/apple/swift-algorithms.git";
			requirement = {
				kind = upToNextMajorVersion;
				minimumVersion = 1.2.0;
			};
		};
/* End XCRemoteSwiftPackageReference section */

/* Begin XCSwiftPackageProductDependency section */
		307D81FA2C223D0300B81607 /* Algorithms */ = {
			isa = XCSwiftPackageProductDependency;
			package = 307D81F92C223D0300B81607 /* XCRemoteSwiftPackageReference "swift-algorithms" */;
			productName = Algorithms;
		};
/* End XCSwiftPackageProductDependency section */
	};
	rootObject = 300DFFE32C1A53DA00B8946E /* Project object */;
}
